
Microsoft Visual Studio Solution File, Format Version 12.00
# Visual Studio Version 16
VisualStudioVersion = 16.0.30114.105
MinimumVisualStudioVersion = 10.0.40219.1
Project("{9A19103F-16F7-4668-BE54-9A1E7A4F7556}") = "MovieManagerMicroService", "MovieManagerMicroService\MovieManagerMicroService.csproj", "{7AF41867-9D86-406A-AE02-38FC513D6A60}"
EndProject
Project("{9A19103F-16F7-4668-BE54-9A1E7A4F7556}") = "SeatBookingMicroService", "SeatBookingMicroService\SeatBookingMicroService.csproj", "{5AC1D5A5-1CB8-4A18-A709-00D47D8CBB84}"
EndProject
Project("{9A19103F-16F7-4668-BE54-9A1E7A4F7556}") = "UserIdentityMicroService", "UserIdentityMicroService\UserIdentityMicroService.csproj", "{E1DF4BEC-363E-4009-9498-E94E9556361F}"
EndProject
Project("{FAE04EC0-301F-11D3-BF4B-00C04F79EFBC}") = "MovieManagerMicroServiceUnitTest", "MovieManagerMicroServiceUnitTest\MovieManagerMicroServiceUnitTest.csproj", "{C012BDE8-C111-461A-B3BE-0ADC566D9864}"
EndProject
Project("{FAE04EC0-301F-11D3-BF4B-00C04F79EFBC}") = "SeatBookingMicroServiceUnitTest", "SeatBookingMicroServiceUnitTest\SeatBookingMicroServiceUnitTest.csproj", "{3A9D3988-E533-450A-98C9-26B407AC5391}"
EndProject
Project("{FAE04EC0-301F-11D3-BF4B-00C04F79EFBC}") = "UserIdentityMicroServiceUnitTest", "UserIdentityMicroServiceUnitTest\UserIdentityMicroServiceUnitTest.csproj", "{9D45AF5B-E601-4463-8035-FB91F0912085}"
EndProject
Global
	GlobalSection(SolutionConfigurationPlatforms) = preSolution
		Debug|Any CPU = Debug|Any CPU
		Release|Any CPU = Release|Any CPU
	EndGlobalSection
	GlobalSection(ProjectConfigurationPlatforms) = postSolution
		{7AF41867-9D86-406A-AE02-38FC513D6A60}.Debug|Any CPU.ActiveCfg = Debug|Any CPU
		{7AF41867-9D86-406A-AE02-38FC513D6A60}.Debug|Any CPU.Build.0 = Debug|Any CPU
		{7AF41867-9D86-406A-AE02-38FC513D6A60}.Release|Any CPU.ActiveCfg = Release|Any CPU
		{7AF41867-9D86-406A-AE02-38FC513D6A60}.Release|Any CPU.Build.0 = Release|Any CPU
		{5AC1D5A5-1CB8-4A18-A709-00D47D8CBB84}.Debug|Any CPU.ActiveCfg = Debug|Any CPU
		{5AC1D5A5-1CB8-4A18-A709-00D47D8CBB84}.Debug|Any CPU.Build.0 = Debug|Any CPU
		{5AC1D5A5-1CB8-4A18-A709-00D47D8CBB84}.Release|Any CPU.ActiveCfg = Release|Any CPU
		{5AC1D5A5-1CB8-4A18-A709-00D47D8CBB84}.Release|Any CPU.Build.0 = Release|Any CPU
		{E1DF4BEC-363E-4009-9498-E94E9556361F}.Debug|Any CPU.ActiveCfg = Debug|Any CPU
		{E1DF4BEC-363E-4009-9498-E94E9556361F}.Debug|Any CPU.Build.0 = Debug|Any CPU
		{E1DF4BEC-363E-4009-9498-E94E9556361F}.Release|Any CPU.ActiveCfg = Release|Any CPU
		{E1DF4BEC-363E-4009-9498-E94E9556361F}.Release|Any CPU.Build.0 = Release|Any CPU
		{C012BDE8-C111-461A-B3BE-0ADC566D9864}.Debug|Any CPU.ActiveCfg = Debug|Any CPU
		{C012BDE8-C111-461A-B3BE-0ADC566D9864}.Debug|Any CPU.Build.0 = Debug|Any CPU
		{C012BDE8-C111-461A-B3BE-0ADC566D9864}.Release|Any CPU.ActiveCfg = Release|Any CPU
		{C012BDE8-C111-461A-B3BE-0ADC566D9864}.Release|Any CPU.Build.0 = Release|Any CPU
		{3A9D3988-E533-450A-98C9-26B407AC5391}.Debug|Any CPU.ActiveCfg = Debug|Any CPU
		{3A9D3988-E533-450A-98C9-26B407AC5391}.Debug|Any CPU.Build.0 = Debug|Any CPU
		{3A9D3988-E533-450A-98C9-26B407AC5391}.Release|Any CPU.ActiveCfg = Release|Any CPU
		{3A9D3988-E533-450A-98C9-26B407AC5391}.Release|Any CPU.Build.0 = Release|Any CPU
		{9D45AF5B-E601-4463-8035-FB91F0912085}.Debug|Any CPU.ActiveCfg = Debug|Any CPU
		{9D45AF5B-E601-4463-8035-FB91F0912085}.Debug|Any CPU.Build.0 = Debug|Any CPU
		{9D45AF5B-E601-4463-8035-FB91F0912085}.Release|Any CPU.ActiveCfg = Release|Any CPU
		{9D45AF5B-E601-4463-8035-FB91F0912085}.Release|Any CPU.Build.0 = Release|Any CPU
	EndGlobalSection
	GlobalSection(SolutionProperties) = preSolution
		HideSolutionNode = FALSE
	EndGlobalSection
	GlobalSection(ExtensibilityGlobals) = postSolution
		SolutionGuid = {BEBA6D18-8626-45AE-8F55-6E83B3A4107F}
	EndGlobalSection
EndGlobal
